
Microsoft Visual Studio Solution File, Format Version 12.00
# Visual Studio 15
VisualStudioVersion = 15.0.27004.2002
MinimumVisualStudioVersion = 10.0.40219.1
Project("{FAE04EC0-301F-11D3-BF4B-00C04F79EFBC}") = "PennySharp", "PennySharp\PennySharp.csproj", "{3BF1F731-EB4F-44A4-ACC9-E5262BA87CCE}"
EndProject
Global
	GlobalSection(SolutionConfigurationPlatforms) = preSolution
		Debug|Any CPU = Debug|Any CPU
		Release|Any CPU = Release|Any CPU
	EndGlobalSection
	GlobalSection(ProjectConfigurationPlatforms) = postSolution
		{3BF1F731-EB4F-44A4-ACC9-E5262BA87CCE}.Debug|Any CPU.ActiveCfg = Debug|Any CPU
		{3BF1F731-EB4F-44A4-ACC9-E5262BA87CCE}.Debug|Any CPU.Build.0 = Debug|Any CPU
		{3BF1F731-EB4F-44A4-ACC9-E5262BA87CCE}.Release|Any CPU.ActiveCfg = Release|Any CPU
		{3BF1F731-EB4F-44A4-ACC9-E5262BA87CCE}.Release|Any CPU.Build.0 = Release|Any CPU
	EndGlobalSection
	GlobalSection(SolutionProperties) = preSolution
		HideSolutionNode = FALSE
	EndGlobalSection
	GlobalSection(ExtensibilityGlobals) = postSolution
		SolutionGuid = {ECB5C15B-1B0A-4B5A-A87B-02422A7F9D06}
	EndGlobalSection
EndGlobal
